
Microsoft Visual Studio Solution File, Format Version 12.00
Project("{FAE04EC0-301F-11D3-BF4B-00C04F79EFBC}") = "WebApi_Templates", "WebApi_Templates\WebApi_Templates.csproj", "{8862E590-F460-4B1B-8F59-68C05EAB21E3}"
EndProject
Global
	GlobalSection(SolutionConfigurationPlatforms) = preSolution
		Debug|Any CPU = Debug|Any CPU
		Release|Any CPU = Release|Any CPU
	EndGlobalSection
	GlobalSection(ProjectConfigurationPlatforms) = postSolution
		{8862E590-F460-4B1B-8F59-68C05EAB21E3}.Debug|Any CPU.ActiveCfg = Debug|Any CPU
		{8862E590-F460-4B1B-8F59-68C05EAB21E3}.Debug|Any CPU.Build.0 = Debug|Any CPU
		{8862E590-F460-4B1B-8F59-68C05EAB21E3}.Release|Any CPU.ActiveCfg = Release|Any CPU
		{8862E590-F460-4B1B-8F59-68C05EAB21E3}.Release|Any CPU.Build.0 = Release|Any CPU
	EndGlobalSection
EndGlobal
